github.com/energye/lcl v1.0.0 h1:7gRWF+U6HBISo7LCr28VeiSNHsWI6CtTaxbRIPxjOaU=
github.com/energye/lcl v1.0.0/go.mod h1:ylr4MQr/GR6afimkV5D3KbxWntz7amFvsZWP8+nwgOc=
github.com/energye/xta v1.0.3 h1:waksO2SDQu4uOr4A/lxJCjS5y4CGWS7CIUlyPhIeUSc=
github.com/energye/xta v1.0.3/go.mod h1:a3+q5jVQ20RiBmtl8KdGSTBKa+xHeenRYNMWTSQWouc=
